{
  "version": 4,
  "terraform_version": "1.13.3",
  "serial": 2,
  "lineage": "7cff2276-d63d-c1c1-bc1c-55ffa26cca98",
  "outputs": {
    "app_url": {
      "value": "http://54.224.17.144:8080",
      "type": "string"
    },
    "instance_public_ip": {
      "value": "54.224.17.144",
      "type": "string"
    }
  },
  "resources": [
    {
      "mode": "managed",
      "type": "aws_instance",
      "name": "instance_jewerly",
      "provider": "provider[\"registry.terraform.io/hashicorp/aws\"]",
      "instances": [
        {
          "schema_version": 2,
          "attributes": {
            "ami": "ami-0b0012dad04fbe3d7",
            "arn": "arn:aws:ec2:us-east-1:794196173640:instance/i-086665818ae75c6ac",
            "associate_public_ip_address": true,
            "availability_zone": "us-east-1b",
            "capacity_reservation_specification": [
              {
                "capacity_reservation_preference": "open",
                "capacity_reservation_target": []
              }
            ],
            "cpu_options": [
              {
                "amd_sev_snp": "",
                "core_count": 1,
                "threads_per_core": 1
              }
            ],
            "credit_specification": [
              {
                "cpu_credits": "standard"
              }
            ],
            "disable_api_stop": false,
            "disable_api_termination": false,
            "ebs_block_device": [],
            "ebs_optimized": false,
            "enable_primary_ipv6": null,
            "enclave_options": [
              {
                "enabled": false
              }
            ],
            "ephemeral_block_device": [],
            "force_destroy": false,
            "get_password_data": false,
            "hibernation": false,
            "host_id": "",
            "host_resource_group_arn": null,
            "iam_instance_profile": "",
            "id": "i-086665818ae75c6ac",
            "instance_initiated_shutdown_behavior": "stop",
            "instance_lifecycle": "",
            "instance_market_options": [],
            "instance_state": "running",
            "instance_type": "t2.micro",
            "ipv6_address_count": 0,
            "ipv6_addresses": [],
            "key_name": "julia-key",
            "launch_template": [],
            "maintenance_options": [
              {
                "auto_recovery": "default"
              }
            ],
            "metadata_options": [
              {
                "http_endpoint": "enabled",
                "http_protocol_ipv6": "disabled",
                "http_put_response_hop_limit": 1,
                "http_tokens": "optional",
                "instance_metadata_tags": "disabled"
              }
            ],
            "monitoring": false,
            "network_interface": [],
            "outpost_arn": "",
            "password_data": "",
            "placement_group": "",
            "placement_group_id": "",
            "placement_partition_number": 0,
            "primary_network_interface": [
              {
                "delete_on_termination": true,
                "network_interface_id": "eni-07290b1febdc4f732"
              }
            ],
            "primary_network_interface_id": "eni-07290b1febdc4f732",
            "private_dns": "ip-172-30-14-98.ec2.internal",
            "private_dns_name_options": [
              {
                "enable_resource_name_dns_a_record": false,
                "enable_resource_name_dns_aaaa_record": false,
                "hostname_type": "ip-name"
              }
            ],
            "private_ip": "172.30.14.98",
            "public_dns": "",
            "public_ip": "54.224.17.144",
            "region": "us-east-1",
            "root_block_device": [
              {
                "delete_on_termination": true,
                "device_name": "/dev/xvda",
                "encrypted": false,
                "iops": 3000,
                "kms_key_id": "",
                "tags": {
                  "managed-by": "terraform",
                  "owner": "juliakreling"
                },
                "tags_all": {
                  "managed-by": "terraform",
                  "owner": "juliakreling"
                },
                "throughput": 125,
                "volume_id": "vol-01fd179aa440ea82d",
                "volume_size": 8,
                "volume_type": "gp3"
              }
            ],
            "secondary_private_ips": [],
            "security_groups": [],
            "source_dest_check": true,
            "spot_instance_request_id": "",
            "subnet_id": "subnet-0306135ddda99d608",
            "tags": {
              "Name": "instance-julia-jewelry"
            },
            "tags_all": {
              "Name": "instance-julia-jewelry",
              "managed-by": "terraform",
              "owner": "juliakreling"
            },
            "tenancy": "default",
            "timeouts": null,
            "user_data": "#!/bin/bash\nset -e\n\necho \"[INFO] Iniciando configuração da instância Debian...\"\n\n# Atualiza pacotes e instala dependências\necho \"[INFO] Atualizando pacotes...\"\napt update -y\napt install -y docker.io git make unzip curl\n\n# Habilita e inicia o Docker\necho \"[INFO] Habilitando e iniciando Docker...\"\nsystemctl enable docker\nsystemctl start docker\n\n# Acessa diretório padrão\ncd /home/admin 2\u003e/dev/null || cd /home/ubuntu 2\u003e/dev/null || cd /root\n\n# Clona o repositório se ainda não existir\nif [ ! -d \"proway-desafio-iac\" ]; then\n  echo \"[INFO] Clonando repositório...\"\n  git clone https://github.com/juliakreling/proway-desafio-iac.git\nfi\n\ncd proway-desafio-iac\n\n# Atualiza o repositório e executa o Makefile\necho \"[INFO] Atualizando repositório e executando Makefile...\"\ngit pull\nmake setup\n\necho \"[INFO] Setup concluído com sucesso!\"\n",
            "user_data_base64": null,
            "user_data_replace_on_change": false,
            "volume_tags": null,
            "vpc_security_group_ids": [
              "sg-09ecede5dfa7f56dd"
            ]
          },
          "sensitive_attributes": [],
          "identity_schema_version": 0,
          "identity": {
            "account_id": "794196173640",
            "id": "i-086665818ae75c6ac",
            "region": "us-east-1"
          },
          "private": "eyJlMmJmYjczMC1lY2FhLTExZTYtOGY4OC0zNDM2M2JjN2M0YzAiOnsiY3JlYXRlIjo2MDAwMDAwMDAwMDAsImRlbGV0ZSI6MTIwMDAwMDAwMDAwMCwicmVhZCI6OTAwMDAwMDAwMDAwLCJ1cGRhdGUiOjYwMDAwMDAwMDAwMH0sInNjaGVtYV92ZXJzaW9uIjoiMiJ9"
        }
      ]
    }
  ],
  "check_results": null
}
